{
  "lockfile_version": "1",
  "packages": {
    "cmake": {
      "resolved": "github:NixOS/nixpkgs/75a52265bda7fd25e06e3a67dee3f0354e73243c#cmake",
      "source": "nixpkg"
    },
    "nodejs@20": {
      "last_modified": "2026-03-27T11:17:38Z",
      "plugin_version": "0.0.2",
      "resolved": "github:NixOS/nixpkgs/832efc09b4caf6b4569fbf9dc01bec3082a00611#nodejs_20",
      "source": "devbox-search",
      "version": "20.20.2",
      "systems": {
        "aarch64-darwin": {
          "outputs": [
            {
              "name": "out",
              "path": "/nix/store/vamh3ysrfc0qz2mdhh6klyi5ngaffl0q-nodejs-20.20.2",
              "default": true
            }
          ],
          "store_path": "/nix/store/vamh3ysrfc0qz2mdhh6klyi5ngaffl0q-nodejs-20.20.2"
        },
        "aarch64-linux": {
          "outputs": [
            {
              "name": "out",
              "path": "/nix/store/b1i1izsybrhzifbrr84nbmw62fl07ia2-nodejs-20.20.2",
              "default": true
            }
          ],
          "store_path": "/nix/store/b1i1izsybrhzifbrr84nbmw62fl07ia2-nodejs-20.20.2"
        },
        "x86_64-darwin": {
          "outputs": [
            {
              "name": "out",
              "path": "/nix/store/yg5qivw8g8gxpc536kwc0fg73nviiv9l-nodejs-20.20.2",
              "default": true
            }
          ],
          "store_path": "/nix/store/yg5qivw8g8gxpc536kwc0fg73nviiv9l-nodejs-20.20.2"
        },
        "x86_64-linux": {
          "outputs": [
            {
              "name": "out",
              "path": "/nix/store/1gw2r0h59vr5dzcilhg1xvzjqgn84f8b-nodejs-20.20.2",
              "default": true
            }
          ],
          "store_path": "/nix/store/1gw2r0h59vr5dzcilhg1xvzjqgn84f8b-nodejs-20.20.2"
        }
      }
    },
    "openssl": {
      "resolved": "github:NixOS/nixpkgs/75a52265bda7fd25e06e3a67dee3f0354e73243c#openssl",
      "source": "nixpkg"
    },
    "pkg-config": {
      "resolved": "github:NixOS/nixpkgs/75a52265bda7fd25e06e3a67dee3f0354e73243c#pkg-config",
      "source": "nixpkg"
    },
    "pnpm@9": {
      "last_modified": "2025-01-06T12:26:56Z",
      "resolved": "github:NixOS/nixpkgs/b30f97d8c32d804d2d832ee837d0f1ca0695faa5#pnpm",
      "source": "devbox-search",
      "version": "9.15.3",
      "systems": {
        "aarch64-darwin": {
          "outputs": [
            {
              "name": "out",
              "path": "/nix/store/hhprmwazmgvxqff5zpra2bw0cb12f4sl-pnpm-9.15.3",
              "default": true
            }
          ],
          "store_path": "/nix/store/hhprmwazmgvxqff5zpra2bw0cb12f4sl-pnpm-9.15.3"
        },
        "aarch64-linux": {
          "outputs": [
            {
              "name": "out",
              "path": "/nix/store/id6m5r3zip98l8g9lyvgwv8bvvnn99hq-pnpm-9.15.3",
              "default": true
            }
          ],
          "store_path": "/nix/store/id6m5r3zip98l8g9lyvgwv8bvvnn99hq-pnpm-9.15.3"
        },
        "x86_64-darwin": {
          "outputs": [
            {
              "name": "out",
              "path": "/nix/store/4lsfbyj9fl5yf6ar3cfj7vngd5v7rvqg-pnpm-9.15.3",
              "default": true
            }
          ],
          "store_path": "/nix/store/4lsfbyj9fl5yf6ar3cfj7vngd5v7rvqg-pnpm-9.15.3"
        },
        "x86_64-linux": {
          "outputs": [
            {
              "name": "out",
              "path": "/nix/store/p7r1k66dzs1qpkas0jx5v20asih9y37q-pnpm-9.15.3",
              "default": true
            }
          ],
          "store_path": "/nix/store/p7r1k66dzs1qpkas0jx5v20asih9y37q-pnpm-9.15.3"
        }
      }
    },
    "rdkafka": {
      "resolved": "github:NixOS/nixpkgs/75a52265bda7fd25e06e3a67dee3f0354e73243c#rdkafka",
      "source": "nixpkg"
    },
    "rustup": {
      "plugin_version": "0.0.1",
      "resolved": "github:NixOS/nixpkgs/75a52265bda7fd25e06e3a67dee3f0354e73243c#rustup",
      "source": "nixpkg"
    }
  }
}
